
Microsoft Visual Studio Solution File, Format Version 12.00
# Visual Studio Version 16
VisualStudioVersion = 16.0.31129.286
MinimumVisualStudioVersion = 10.0.40219.1
Project("{9A19103F-16F7-4668-BE54-9A1E7A4F7556}") = "BugTrackerConsoleApp", "BugsClient\BugTrackerConsoleApp\BugTrackerConsoleApp.csproj", "{15CBBEC2-3E29-492F-9C96-C970CA69E518}"
EndProject
Project("{2150E333-8FDC-42A3-9474-1A3956D46DE8}") = "References", "References", "{F4D219B1-752E-4B1A-9F1E-B5DA01102511}"
	ProjectSection(SolutionItems) = preProject
		BugsClient\BugTrackerConsoleApp\Tasks.md = BugsClient\BugTrackerConsoleApp\Tasks.md
	EndProjectSection
EndProject
Project("{9A19103F-16F7-4668-BE54-9A1E7A4F7556}") = "BugsServer", "BugsServer\BugsServer.csproj", "{D2B2A33C-B9C7-4E1D-B601-5913D73DED22}"
EndProject
Global
	GlobalSection(SolutionConfigurationPlatforms) = preSolution
		Debug|Any CPU = Debug|Any CPU
		Release|Any CPU = Release|Any CPU
	EndGlobalSection
	GlobalSection(ProjectConfigurationPlatforms) = postSolution
		{15CBBEC2-3E29-492F-9C96-C970CA69E518}.Debug|Any CPU.ActiveCfg = Debug|Any CPU
		{15CBBEC2-3E29-492F-9C96-C970CA69E518}.Debug|Any CPU.Build.0 = Debug|Any CPU
		{15CBBEC2-3E29-492F-9C96-C970CA69E518}.Release|Any CPU.ActiveCfg = Release|Any CPU
		{15CBBEC2-3E29-492F-9C96-C970CA69E518}.Release|Any CPU.Build.0 = Release|Any CPU
		{D2B2A33C-B9C7-4E1D-B601-5913D73DED22}.Debug|Any CPU.ActiveCfg = Debug|Any CPU
		{D2B2A33C-B9C7-4E1D-B601-5913D73DED22}.Debug|Any CPU.Build.0 = Debug|Any CPU
		{D2B2A33C-B9C7-4E1D-B601-5913D73DED22}.Release|Any CPU.ActiveCfg = Release|Any CPU
		{D2B2A33C-B9C7-4E1D-B601-5913D73DED22}.Release|Any CPU.Build.0 = Release|Any CPU
	EndGlobalSection
	GlobalSection(SolutionProperties) = preSolution
		HideSolutionNode = FALSE
	EndGlobalSection
	GlobalSection(ExtensibilityGlobals) = postSolution
		SolutionGuid = {7052A929-F94D-4739-BCB3-3E19B134EF77}
	EndGlobalSection
EndGlobal
